{
  "lockfileVersion": 1,
  "workspaces": {
    "": {
      "name": "@victor-teles/playwright-php",
      "dependencies": {
        "@zoon/rialto": "https://github.com/zoonru/rialto/tarball/zoon",
        "playwright": "^1.50.0",
      },
      "devDependencies": {
        "@types/yargs": "^17.0.33",
        "typescript": "^5.7.3",
        "yargs": "^16.1.1",
      },
    },
  },
  "packages": {
    "@types/yargs": ["@types/yargs@17.0.33", "", { "dependencies": { "@types/yargs-parser": "*" } }, ""],

    "@types/yargs-parser": ["@types/yargs-parser@21.0.3", "", {}, ""],

    "@zoon/rialto": ["@zoon/rialto@https://github.com/zoonru/rialto/tarball/zoon", { "dependencies": { "lodash": "^4.17.10" } }],

    "ansi-regex": ["ansi-regex@5.0.1", "", {}, ""],

    "ansi-styles": ["ansi-styles@4.3.0", "", { "dependencies": { "color-convert": "^2.0.1" } }, ""],

    "cliui": ["cliui@7.0.4", "", { "dependencies": { "string-width": "^4.2.0", "strip-ansi": "^6.0.0", "wrap-ansi": "^7.0.0" } }, ""],

    "color-convert": ["color-convert@2.0.1", "", { "dependencies": { "color-name": "~1.1.4" } }, ""],

    "color-name": ["color-name@1.1.4", "", {}, ""],

    "emoji-regex": ["emoji-regex@8.0.0", "", {}, ""],

    "escalade": ["escalade@3.2.0", "", {}, ""],

    "fsevents": ["fsevents@2.3.2", "", { "os": "darwin" }, ""],

    "get-caller-file": ["get-caller-file@2.0.5", "", {}, ""],

    "is-fullwidth-code-point": ["is-fullwidth-code-point@3.0.0", "", {}, ""],

    "lodash": ["lodash@4.17.21", "", {}, ""],

    "playwright": ["playwright@1.50.0", "", { "dependencies": { "playwright-core": "1.50.0" }, "optionalDependencies": { "fsevents": "2.3.2" }, "bin": "cli.js" }, ""],

    "playwright-core": ["playwright-core@1.50.0", "", { "bin": "cli.js" }, ""],

    "require-directory": ["require-directory@2.1.1", "", {}, ""],

    "string-width": ["string-width@4.2.3", "", { "dependencies": { "emoji-regex": "^8.0.0", "is-fullwidth-code-point": "^3.0.0", "strip-ansi": "^6.0.1" } }, ""],

    "strip-ansi": ["strip-ansi@6.0.1", "", { "dependencies": { "ansi-regex": "^5.0.1" } }, ""],

    "typescript": ["typescript@5.7.3", "", { "bin": { "tsc": "bin/tsc", "tsserver": "bin/tsserver" } }, ""],

    "wrap-ansi": ["wrap-ansi@7.0.0", "", { "dependencies": { "ansi-styles": "^4.0.0", "string-width": "^4.1.0", "strip-ansi": "^6.0.0" } }, ""],

    "y18n": ["y18n@5.0.8", "", {}, ""],

    "yargs": ["yargs@16.2.0", "", { "dependencies": { "cliui": "^7.0.2", "escalade": "^3.1.1", "get-caller-file": "^2.0.5", "require-directory": "^2.1.1", "string-width": "^4.2.0", "y18n": "^5.0.5", "yargs-parser": "^20.2.2" } }, ""],

    "yargs-parser": ["yargs-parser@20.2.9", "", {}, ""],
  }
}
